
Microsoft Visual Studio Solution File, Format Version 12.00
# Visual Studio 2013
VisualStudioVersion = 12.0.31101.0
MinimumVisualStudioVersion = 10.0.40219.1
Project("{FAE04EC0-301F-11D3-BF4B-00C04F79EFBC}") = "Level0001.Onboarding", "Level0001.Onboarding\Level0001.Onboarding.csproj", "{9EC82C50-0AB0-403B-9CB7-FB64FD622B9F}"
EndProject
Project("{FAE04EC0-301F-11D3-BF4B-00C04F79EFBC}") = "Level0002.PowerOfThor", "Level0002.PowerOfThor\Level0002.PowerOfThor.csproj", "{5AA7731E-C647-4DFD-8C40-D848837B3BC7}"
EndProject
Project("{FAE04EC0-301F-11D3-BF4B-00C04F79EFBC}") = "Level0003.TheDescent", "Level0003.TheDescent\Level0003.TheDescent.csproj", "{4AD6EBF3-04B4-41F7-9E36-5BEF82398819}"
EndProject
Project("{FAE04EC0-301F-11D3-BF4B-00C04F79EFBC}") = "Level0005.Temperatures", "Level0005.Temperatures\Level0005.Temperatures.csproj", "{F13FC4E3-5D09-4FD1-BF9A-75DCEBB0E0AD}"
EndProject
Project("{FAE04EC0-301F-11D3-BF4B-00C04F79EFBC}") = "Level0004.SkynetTheChasm", "Level0004.SkynetTheChasm\Level0004.SkynetTheChasm.csproj", "{FE0603D5-A594-4F1A-A54A-052C41091DAA}"
EndProject
Project("{2150E333-8FDC-42A3-9474-1A3956D46DE8}") = "1.Tutorial", "1.Tutorial", "{2E787F7E-175B-44BF-9557-DE54FC3F4FCD}"
EndProject
Project("{2150E333-8FDC-42A3-9474-1A3956D46DE8}") = "2.Easy", "2.Easy", "{8C016667-4CC4-4FDA-B090-43FCA6876652}"
EndProject
Project("{FAE04EC0-301F-11D3-BF4B-00C04F79EFBC}") = "Level0006.MarsLanderLevelOne", "Level0006.MarsLanderLevelOne\Level0006.MarsLanderLevelOne.csproj", "{9BA6A94F-C895-4D80-AC94-ACF66B08DCC7}"
EndProject
Project("{FAE04EC0-301F-11D3-BF4B-00C04F79EFBC}") = "Level0007.ASCIIArt", "Level0007.ASCIIArt\Level0007.ASCIIArt.csproj", "{54669011-52B9-459D-8797-BA94C53C791E}"
EndProject
Project("{FAE04EC0-301F-11D3-BF4B-00C04F79EFBC}") = "Level0008.ChuckNorris", "Level0008.ChuckNorris\Level0008.ChuckNorris.csproj", "{78C5693E-40F2-4086-8C79-0C18CC4AB6BC}"
EndProject
Global
	GlobalSection(SolutionConfigurationPlatforms) = preSolution
		Debug|Any CPU = Debug|Any CPU
		Release|Any CPU = Release|Any CPU
	EndGlobalSection
	GlobalSection(ProjectConfigurationPlatforms) = postSolution
		{9EC82C50-0AB0-403B-9CB7-FB64FD622B9F}.Debug|Any CPU.ActiveCfg = Debug|Any CPU
		{9EC82C50-0AB0-403B-9CB7-FB64FD622B9F}.Debug|Any CPU.Build.0 = Debug|Any CPU
		{9EC82C50-0AB0-403B-9CB7-FB64FD622B9F}.Release|Any CPU.ActiveCfg = Release|Any CPU
		{9EC82C50-0AB0-403B-9CB7-FB64FD622B9F}.Release|Any CPU.Build.0 = Release|Any CPU
		{5AA7731E-C647-4DFD-8C40-D848837B3BC7}.Debug|Any CPU.ActiveCfg = Debug|Any CPU
		{5AA7731E-C647-4DFD-8C40-D848837B3BC7}.Debug|Any CPU.Build.0 = Debug|Any CPU
		{5AA7731E-C647-4DFD-8C40-D848837B3BC7}.Release|Any CPU.ActiveCfg = Release|Any CPU
		{5AA7731E-C647-4DFD-8C40-D848837B3BC7}.Release|Any CPU.Build.0 = Release|Any CPU
		{4AD6EBF3-04B4-41F7-9E36-5BEF82398819}.Debug|Any CPU.ActiveCfg = Debug|Any CPU
		{4AD6EBF3-04B4-41F7-9E36-5BEF82398819}.Debug|Any CPU.Build.0 = Debug|Any CPU
		{4AD6EBF3-04B4-41F7-9E36-5BEF82398819}.Release|Any CPU.ActiveCfg = Release|Any CPU
		{4AD6EBF3-04B4-41F7-9E36-5BEF82398819}.Release|Any CPU.Build.0 = Release|Any CPU
		{F13FC4E3-5D09-4FD1-BF9A-75DCEBB0E0AD}.Debug|Any CPU.ActiveCfg = Debug|Any CPU
		{F13FC4E3-5D09-4FD1-BF9A-75DCEBB0E0AD}.Debug|Any CPU.Build.0 = Debug|Any CPU
		{F13FC4E3-5D09-4FD1-BF9A-75DCEBB0E0AD}.Release|Any CPU.ActiveCfg = Release|Any CPU
		{F13FC4E3-5D09-4FD1-BF9A-75DCEBB0E0AD}.Release|Any CPU.Build.0 = Release|Any CPU
		{FE0603D5-A594-4F1A-A54A-052C41091DAA}.Debug|Any CPU.ActiveCfg = Debug|Any CPU
		{FE0603D5-A594-4F1A-A54A-052C41091DAA}.Debug|Any CPU.Build.0 = Debug|Any CPU
		{FE0603D5-A594-4F1A-A54A-052C41091DAA}.Release|Any CPU.ActiveCfg = Release|Any CPU
		{FE0603D5-A594-4F1A-A54A-052C41091DAA}.Release|Any CPU.Build.0 = Release|Any CPU
		{9BA6A94F-C895-4D80-AC94-ACF66B08DCC7}.Debug|Any CPU.ActiveCfg = Debug|Any CPU
		{9BA6A94F-C895-4D80-AC94-ACF66B08DCC7}.Debug|Any CPU.Build.0 = Debug|Any CPU
		{9BA6A94F-C895-4D80-AC94-ACF66B08DCC7}.Release|Any CPU.ActiveCfg = Release|Any CPU
		{9BA6A94F-C895-4D80-AC94-ACF66B08DCC7}.Release|Any CPU.Build.0 = Release|Any CPU
		{54669011-52B9-459D-8797-BA94C53C791E}.Debug|Any CPU.ActiveCfg = Debug|Any CPU
		{54669011-52B9-459D-8797-BA94C53C791E}.Debug|Any CPU.Build.0 = Debug|Any CPU
		{54669011-52B9-459D-8797-BA94C53C791E}.Release|Any CPU.ActiveCfg = Release|Any CPU
		{54669011-52B9-459D-8797-BA94C53C791E}.Release|Any CPU.Build.0 = Release|Any CPU
		{78C5693E-40F2-4086-8C79-0C18CC4AB6BC}.Debug|Any CPU.ActiveCfg = Debug|Any CPU
		{78C5693E-40F2-4086-8C79-0C18CC4AB6BC}.Debug|Any CPU.Build.0 = Debug|Any CPU
		{78C5693E-40F2-4086-8C79-0C18CC4AB6BC}.Release|Any CPU.ActiveCfg = Release|Any CPU
		{78C5693E-40F2-4086-8C79-0C18CC4AB6BC}.Release|Any CPU.Build.0 = Release|Any CPU
	EndGlobalSection
	GlobalSection(SolutionProperties) = preSolution
		HideSolutionNode = FALSE
	EndGlobalSection
	GlobalSection(NestedProjects) = preSolution
		{9EC82C50-0AB0-403B-9CB7-FB64FD622B9F} = {2E787F7E-175B-44BF-9557-DE54FC3F4FCD}
		{5AA7731E-C647-4DFD-8C40-D848837B3BC7} = {8C016667-4CC4-4FDA-B090-43FCA6876652}
		{4AD6EBF3-04B4-41F7-9E36-5BEF82398819} = {8C016667-4CC4-4FDA-B090-43FCA6876652}
		{F13FC4E3-5D09-4FD1-BF9A-75DCEBB0E0AD} = {8C016667-4CC4-4FDA-B090-43FCA6876652}
		{FE0603D5-A594-4F1A-A54A-052C41091DAA} = {8C016667-4CC4-4FDA-B090-43FCA6876652}
		{9BA6A94F-C895-4D80-AC94-ACF66B08DCC7} = {8C016667-4CC4-4FDA-B090-43FCA6876652}
		{54669011-52B9-459D-8797-BA94C53C791E} = {8C016667-4CC4-4FDA-B090-43FCA6876652}
		{78C5693E-40F2-4086-8C79-0C18CC4AB6BC} = {8C016667-4CC4-4FDA-B090-43FCA6876652}
	EndGlobalSection
EndGlobal
