
Microsoft Visual Studio Solution File, Format Version 12.00
# Visual Studio 15
VisualStudioVersion = 15.0.26403.3
MinimumVisualStudioVersion = 10.0.40219.1
Project("{2150E333-8FDC-42A3-9474-1A3956D46DE8}") = "1.Tutorial", "1.Tutorial", "{2E787F7E-175B-44BF-9557-DE54FC3F4FCD}"
EndProject
Project("{FAE04EC0-301F-11D3-BF4B-00C04F79EFBC}") = "Tutorial.Onboarding", "Tutorial.Onboarding\Tutorial.Onboarding.csproj", "{9EC82C50-0AB0-403B-9CB7-FB64FD622B9F}"
EndProject
Project("{2150E333-8FDC-42A3-9474-1A3956D46DE8}") = "2.Easy", "2.Easy", "{8C016667-4CC4-4FDA-B090-43FCA6876652}"
EndProject
Project("{2150E333-8FDC-42A3-9474-1A3956D46DE8}") = "3.Medium", "3.Medium", "{48B46968-2E91-47B9-B5E1-904CA812D7E4}"
EndProject
Project("{FAE04EC0-301F-11D3-BF4B-00C04F79EFBC}") = "Medium.MayanCalculation", "Medium.MayanCalculation\Medium.MayanCalculation.csproj", "{F5F945B6-7795-4E56-9338-86C1F62CA59B}"
EndProject
Project("{FAE04EC0-301F-11D3-BF4B-00C04F79EFBC}") = "Medium.Scrabble", "Medium.Scrabble\Medium.Scrabble.csproj", "{3310CD92-E07D-4924-8AEF-C9FBFD0D20AE}"
EndProject
Project("{FAE04EC0-301F-11D3-BF4B-00C04F79EFBC}") = "Easy.ASCIIArt", "Easy.ASCIIArt\Easy.ASCIIArt.csproj", "{54669011-52B9-459D-8797-BA94C53C791E}"
EndProject
Project("{FAE04EC0-301F-11D3-BF4B-00C04F79EFBC}") = "Easy.ChuckNorris", "Easy.ChuckNorris\Easy.ChuckNorris.csproj", "{78C5693E-40F2-4086-8C79-0C18CC4AB6BC}"
EndProject
Project("{FAE04EC0-301F-11D3-BF4B-00C04F79EFBC}") = "Easy.Defibrillators", "Easy.Defibrillators\Easy.Defibrillators.csproj", "{8FA654DF-F9E3-48B1-9CBF-AAA8EBFA765C}"
EndProject
Project("{FAE04EC0-301F-11D3-BF4B-00C04F79EFBC}") = "Easy.HorseRacingDuals", "Easy.HorseRacingDuals\Easy.HorseRacingDuals.csproj", "{67403421-94DA-47CD-A915-C186907FAF60}"
EndProject
Project("{FAE04EC0-301F-11D3-BF4B-00C04F79EFBC}") = "Easy.MarsLanderLevelOne", "Easy.MarsLanderLevelOne\Easy.MarsLanderLevelOne.csproj", "{9BA6A94F-C895-4D80-AC94-ACF66B08DCC7}"
EndProject
Project("{FAE04EC0-301F-11D3-BF4B-00C04F79EFBC}") = "Easy.MIMEType", "Easy.MIMEType\Easy.MIMEType.csproj", "{412C6BB9-A402-4C84-B651-688B1F2E1D8B}"
EndProject
Project("{FAE04EC0-301F-11D3-BF4B-00C04F79EFBC}") = "Easy.PowerOfThor", "Easy.PowerOfThor\Easy.PowerOfThor.csproj", "{5AA7731E-C647-4DFD-8C40-D848837B3BC7}"
EndProject
Project("{FAE04EC0-301F-11D3-BF4B-00C04F79EFBC}") = "Easy.SkynetTheChasm", "Easy.SkynetTheChasm\Easy.SkynetTheChasm.csproj", "{FE0603D5-A594-4F1A-A54A-052C41091DAA}"
EndProject
Project("{FAE04EC0-301F-11D3-BF4B-00C04F79EFBC}") = "Easy.Temperatures", "Easy.Temperatures\Easy.Temperatures.csproj", "{F13FC4E3-5D09-4FD1-BF9A-75DCEBB0E0AD}"
EndProject
Project("{FAE04EC0-301F-11D3-BF4B-00C04F79EFBC}") = "Easy.TheDescent", "Easy.TheDescent\Easy.TheDescent.csproj", "{4AD6EBF3-04B4-41F7-9E36-5BEF82398819}"
EndProject
Project("{FAE04EC0-301F-11D3-BF4B-00C04F79EFBC}") = "Medium.SkynetRevolutionEpisode1", "Medium.SkynetRevolutionEpisode1\Medium.SkynetRevolutionEpisode1.csproj", "{70E612A8-4E45-436D-A63F-13051162D3D2}"
EndProject
Project("{FAE04EC0-301F-11D3-BF4B-00C04F79EFBC}") = "Medium.ThereIsNoSpoonEpisode1", "Medium.ThereIsNoSpoonEpisode1\Medium.ThereIsNoSpoonEpisode1.csproj", "{4D79AAEC-9E48-4AA2-8D7C-FDDEC9BACFAF}"
EndProject
Project("{FAE04EC0-301F-11D3-BF4B-00C04F79EFBC}") = "Medium.BenderEpisode1", "Medium.BenderEpisode1\Medium.BenderEpisode1.csproj", "{49891BFA-60DA-4C41-91A6-11AF93DACE86}"
EndProject
Global
	GlobalSection(SolutionConfigurationPlatforms) = preSolution
		Debug|Any CPU = Debug|Any CPU
		Release|Any CPU = Release|Any CPU
	EndGlobalSection
	GlobalSection(ProjectConfigurationPlatforms) = postSolution
		{9EC82C50-0AB0-403B-9CB7-FB64FD622B9F}.Debug|Any CPU.ActiveCfg = Debug|Any CPU
		{9EC82C50-0AB0-403B-9CB7-FB64FD622B9F}.Debug|Any CPU.Build.0 = Debug|Any CPU
		{9EC82C50-0AB0-403B-9CB7-FB64FD622B9F}.Release|Any CPU.ActiveCfg = Release|Any CPU
		{9EC82C50-0AB0-403B-9CB7-FB64FD622B9F}.Release|Any CPU.Build.0 = Release|Any CPU
		{F5F945B6-7795-4E56-9338-86C1F62CA59B}.Debug|Any CPU.ActiveCfg = Debug|Any CPU
		{F5F945B6-7795-4E56-9338-86C1F62CA59B}.Debug|Any CPU.Build.0 = Debug|Any CPU
		{F5F945B6-7795-4E56-9338-86C1F62CA59B}.Release|Any CPU.ActiveCfg = Release|Any CPU
		{F5F945B6-7795-4E56-9338-86C1F62CA59B}.Release|Any CPU.Build.0 = Release|Any CPU
		{3310CD92-E07D-4924-8AEF-C9FBFD0D20AE}.Debug|Any CPU.ActiveCfg = Debug|Any CPU
		{3310CD92-E07D-4924-8AEF-C9FBFD0D20AE}.Debug|Any CPU.Build.0 = Debug|Any CPU
		{3310CD92-E07D-4924-8AEF-C9FBFD0D20AE}.Release|Any CPU.ActiveCfg = Release|Any CPU
		{3310CD92-E07D-4924-8AEF-C9FBFD0D20AE}.Release|Any CPU.Build.0 = Release|Any CPU
		{54669011-52B9-459D-8797-BA94C53C791E}.Debug|Any CPU.ActiveCfg = Debug|Any CPU
		{54669011-52B9-459D-8797-BA94C53C791E}.Debug|Any CPU.Build.0 = Debug|Any CPU
		{54669011-52B9-459D-8797-BA94C53C791E}.Release|Any CPU.ActiveCfg = Release|Any CPU
		{54669011-52B9-459D-8797-BA94C53C791E}.Release|Any CPU.Build.0 = Release|Any CPU
		{78C5693E-40F2-4086-8C79-0C18CC4AB6BC}.Debug|Any CPU.ActiveCfg = Debug|Any CPU
		{78C5693E-40F2-4086-8C79-0C18CC4AB6BC}.Debug|Any CPU.Build.0 = Debug|Any CPU
		{78C5693E-40F2-4086-8C79-0C18CC4AB6BC}.Release|Any CPU.ActiveCfg = Release|Any CPU
		{78C5693E-40F2-4086-8C79-0C18CC4AB6BC}.Release|Any CPU.Build.0 = Release|Any CPU
		{8FA654DF-F9E3-48B1-9CBF-AAA8EBFA765C}.Debug|Any CPU.ActiveCfg = Debug|Any CPU
		{8FA654DF-F9E3-48B1-9CBF-AAA8EBFA765C}.Debug|Any CPU.Build.0 = Debug|Any CPU
		{8FA654DF-F9E3-48B1-9CBF-AAA8EBFA765C}.Release|Any CPU.ActiveCfg = Release|Any CPU
		{8FA654DF-F9E3-48B1-9CBF-AAA8EBFA765C}.Release|Any CPU.Build.0 = Release|Any CPU
		{67403421-94DA-47CD-A915-C186907FAF60}.Debug|Any CPU.ActiveCfg = Debug|Any CPU
		{67403421-94DA-47CD-A915-C186907FAF60}.Debug|Any CPU.Build.0 = Debug|Any CPU
		{67403421-94DA-47CD-A915-C186907FAF60}.Release|Any CPU.ActiveCfg = Release|Any CPU
		{67403421-94DA-47CD-A915-C186907FAF60}.Release|Any CPU.Build.0 = Release|Any CPU
		{9BA6A94F-C895-4D80-AC94-ACF66B08DCC7}.Debug|Any CPU.ActiveCfg = Debug|Any CPU
		{9BA6A94F-C895-4D80-AC94-ACF66B08DCC7}.Debug|Any CPU.Build.0 = Debug|Any CPU
		{9BA6A94F-C895-4D80-AC94-ACF66B08DCC7}.Release|Any CPU.ActiveCfg = Release|Any CPU
		{9BA6A94F-C895-4D80-AC94-ACF66B08DCC7}.Release|Any CPU.Build.0 = Release|Any CPU
		{412C6BB9-A402-4C84-B651-688B1F2E1D8B}.Debug|Any CPU.ActiveCfg = Debug|Any CPU
		{412C6BB9-A402-4C84-B651-688B1F2E1D8B}.Debug|Any CPU.Build.0 = Debug|Any CPU
		{412C6BB9-A402-4C84-B651-688B1F2E1D8B}.Release|Any CPU.ActiveCfg = Release|Any CPU
		{412C6BB9-A402-4C84-B651-688B1F2E1D8B}.Release|Any CPU.Build.0 = Release|Any CPU
		{5AA7731E-C647-4DFD-8C40-D848837B3BC7}.Debug|Any CPU.ActiveCfg = Debug|Any CPU
		{5AA7731E-C647-4DFD-8C40-D848837B3BC7}.Debug|Any CPU.Build.0 = Debug|Any CPU
		{5AA7731E-C647-4DFD-8C40-D848837B3BC7}.Release|Any CPU.ActiveCfg = Release|Any CPU
		{5AA7731E-C647-4DFD-8C40-D848837B3BC7}.Release|Any CPU.Build.0 = Release|Any CPU
		{FE0603D5-A594-4F1A-A54A-052C41091DAA}.Debug|Any CPU.ActiveCfg = Debug|Any CPU
		{FE0603D5-A594-4F1A-A54A-052C41091DAA}.Debug|Any CPU.Build.0 = Debug|Any CPU
		{FE0603D5-A594-4F1A-A54A-052C41091DAA}.Release|Any CPU.ActiveCfg = Release|Any CPU
		{FE0603D5-A594-4F1A-A54A-052C41091DAA}.Release|Any CPU.Build.0 = Release|Any CPU
		{F13FC4E3-5D09-4FD1-BF9A-75DCEBB0E0AD}.Debug|Any CPU.ActiveCfg = Debug|Any CPU
		{F13FC4E3-5D09-4FD1-BF9A-75DCEBB0E0AD}.Debug|Any CPU.Build.0 = Debug|Any CPU
		{F13FC4E3-5D09-4FD1-BF9A-75DCEBB0E0AD}.Release|Any CPU.ActiveCfg = Release|Any CPU
		{F13FC4E3-5D09-4FD1-BF9A-75DCEBB0E0AD}.Release|Any CPU.Build.0 = Release|Any CPU
		{4AD6EBF3-04B4-41F7-9E36-5BEF82398819}.Debug|Any CPU.ActiveCfg = Debug|Any CPU
		{4AD6EBF3-04B4-41F7-9E36-5BEF82398819}.Debug|Any CPU.Build.0 = Debug|Any CPU
		{4AD6EBF3-04B4-41F7-9E36-5BEF82398819}.Release|Any CPU.ActiveCfg = Release|Any CPU
		{4AD6EBF3-04B4-41F7-9E36-5BEF82398819}.Release|Any CPU.Build.0 = Release|Any CPU
		{70E612A8-4E45-436D-A63F-13051162D3D2}.Debug|Any CPU.ActiveCfg = Debug|Any CPU
		{70E612A8-4E45-436D-A63F-13051162D3D2}.Debug|Any CPU.Build.0 = Debug|Any CPU
		{70E612A8-4E45-436D-A63F-13051162D3D2}.Release|Any CPU.ActiveCfg = Release|Any CPU
		{70E612A8-4E45-436D-A63F-13051162D3D2}.Release|Any CPU.Build.0 = Release|Any CPU
		{4D79AAEC-9E48-4AA2-8D7C-FDDEC9BACFAF}.Debug|Any CPU.ActiveCfg = Debug|Any CPU
		{4D79AAEC-9E48-4AA2-8D7C-FDDEC9BACFAF}.Debug|Any CPU.Build.0 = Debug|Any CPU
		{4D79AAEC-9E48-4AA2-8D7C-FDDEC9BACFAF}.Release|Any CPU.ActiveCfg = Release|Any CPU
		{4D79AAEC-9E48-4AA2-8D7C-FDDEC9BACFAF}.Release|Any CPU.Build.0 = Release|Any CPU
		{49891BFA-60DA-4C41-91A6-11AF93DACE86}.Debug|Any CPU.ActiveCfg = Debug|Any CPU
		{49891BFA-60DA-4C41-91A6-11AF93DACE86}.Debug|Any CPU.Build.0 = Debug|Any CPU
		{49891BFA-60DA-4C41-91A6-11AF93DACE86}.Release|Any CPU.ActiveCfg = Release|Any CPU
		{49891BFA-60DA-4C41-91A6-11AF93DACE86}.Release|Any CPU.Build.0 = Release|Any CPU
	EndGlobalSection
	GlobalSection(SolutionProperties) = preSolution
		HideSolutionNode = FALSE
	EndGlobalSection
	GlobalSection(NestedProjects) = preSolution
		{9EC82C50-0AB0-403B-9CB7-FB64FD622B9F} = {2E787F7E-175B-44BF-9557-DE54FC3F4FCD}
		{F5F945B6-7795-4E56-9338-86C1F62CA59B} = {48B46968-2E91-47B9-B5E1-904CA812D7E4}
		{3310CD92-E07D-4924-8AEF-C9FBFD0D20AE} = {48B46968-2E91-47B9-B5E1-904CA812D7E4}
		{54669011-52B9-459D-8797-BA94C53C791E} = {8C016667-4CC4-4FDA-B090-43FCA6876652}
		{78C5693E-40F2-4086-8C79-0C18CC4AB6BC} = {8C016667-4CC4-4FDA-B090-43FCA6876652}
		{8FA654DF-F9E3-48B1-9CBF-AAA8EBFA765C} = {8C016667-4CC4-4FDA-B090-43FCA6876652}
		{67403421-94DA-47CD-A915-C186907FAF60} = {8C016667-4CC4-4FDA-B090-43FCA6876652}
		{9BA6A94F-C895-4D80-AC94-ACF66B08DCC7} = {8C016667-4CC4-4FDA-B090-43FCA6876652}
		{412C6BB9-A402-4C84-B651-688B1F2E1D8B} = {8C016667-4CC4-4FDA-B090-43FCA6876652}
		{5AA7731E-C647-4DFD-8C40-D848837B3BC7} = {8C016667-4CC4-4FDA-B090-43FCA6876652}
		{FE0603D5-A594-4F1A-A54A-052C41091DAA} = {8C016667-4CC4-4FDA-B090-43FCA6876652}
		{F13FC4E3-5D09-4FD1-BF9A-75DCEBB0E0AD} = {8C016667-4CC4-4FDA-B090-43FCA6876652}
		{4AD6EBF3-04B4-41F7-9E36-5BEF82398819} = {8C016667-4CC4-4FDA-B090-43FCA6876652}
		{70E612A8-4E45-436D-A63F-13051162D3D2} = {48B46968-2E91-47B9-B5E1-904CA812D7E4}
		{4D79AAEC-9E48-4AA2-8D7C-FDDEC9BACFAF} = {48B46968-2E91-47B9-B5E1-904CA812D7E4}
		{49891BFA-60DA-4C41-91A6-11AF93DACE86} = {48B46968-2E91-47B9-B5E1-904CA812D7E4}
	EndGlobalSection
EndGlobal
